{
  "nodes": {
    "cpiotools": {
      "inputs": {
        "nixpkgs": "nixpkgs"
      },
      "locked": {
        "lastModified": 1655642194,
        "narHash": "sha256-PHF4K1sLixSDM7lvMpuCj4ygLHGEZFQzzGIGMhsE8K0=",
        "owner": "DeterminateSystems",
        "repo": "cpiotools",
        "rev": "926af143c453d387b585c52d5004fb5fe70fe730",
        "type": "github"
      },
      "original": {
        "owner": "DeterminateSystems",
        "repo": "cpiotools",
        "type": "github"
      }
    },
    "nixpkgs": {
      "locked": {
        "lastModified": 1655567057,
        "narHash": "sha256-Cc5hQSMsTzOHmZnYm8OSJ5RNUp22bd5NADWLHorULWQ=",
        "owner": "nixos",
        "repo": "nixpkgs",
        "rev": "e0a42267f73ea52adc061a64650fddc59906fc99",
        "type": "github"
      },
      "original": {
        "owner": "nixos",
        "ref": "nixos-unstable",
        "repo": "nixpkgs",
        "type": "github"
      }
    },
    "nixpkgs_2": {
      "locked": {
        "lastModified": 1696604326,
        "narHash": "sha256-YXUNI0kLEcI5g8lqGMb0nh67fY9f2YoJsILafh6zlMo=",
        "rev": "87828a0e03d1418e848d3dd3f3014a632e4a4f64",
        "revCount": 533189,
        "type": "tarball",
        "url": "https://api.flakehub.com/f/pinned/NixOS/nixpkgs/0.1.533189%2Brev-87828a0e03d1418e848d3dd3f3014a632e4a4f64/018b0dc8-e84f-7c59-b5d6-16849c3b2074/source.tar.gz"
      },
      "original": {
        "type": "tarball",
        "url": "https://flakehub.com/f/NixOS/nixpkgs/0.1.533189.tar.gz"
      }
    },
    "root": {
      "inputs": {
        "cpiotools": "cpiotools",
        "nixpkgs": "nixpkgs_2"
      }
    }
  },
  "root": "root",
  "version": 7
}
